// !$*UTF8*$!
{
	archiveVersion = 1;
	classes = {
	};
	objectVersion = 46;
	objects = {

/* Begin PBXBuildFile section */
		4AFC7D981FACCF1E00471217 /* AppDelegate.swift in Sources */ = {isa = PBXBuildFile; fileRef = 4AFC7D971FACCF1E00471217 /* AppDelegate.swift */; };
		4AFC7D9A1FACCF1E00471217 /* ViewController.swift in Sources */ = {isa = PBXBuildFile; fileRef = 4AFC7D991FACCF1E00471217 /* ViewController.swift */; };
		4AFC7D9D1FACCF1E00471217 /* Main.storyboard in Resources */ = {isa = PBXBuildFile; fileRef = 4AFC7D9B1FACCF1E00471217 /* Main.storyboard */; };
		4AFC7D9F1FACCF1E00471217 /* Assets.xcassets in Resources */ = {isa = PBXBuildFile; fileRef = 4AFC7D9E1FACCF1E00471217 /* Assets.xcassets */; };
		4AFC7DA21FACCF1E00471217 /* LaunchScreen.storyboard in Resources */ = {isa = PBXBuildFile; fileRef = 4AFC7DA01FACCF1E00471217 /* LaunchScreen.storyboard */; };
/* End PBXBuildFile section */

/* Begin PBXFileReference section */
		4AFC7D941FACCF1E00471217 /* DoublePickerView.app */ = {isa = PBXFileReference; explicitFileType = wrapper.application; includeInIndex = 0; path = DoublePickerView.app; sourceTree = BUILT_PRODUCTS_DIR; };
		4AFC7D971FACCF1E00471217 /* AppDelegate.swift */ = {isa = PBXFileReference; lastKnownFileType = sourcecode.swift; path = AppDelegate.swift; sourceTree = "<group>"; };
		4AFC7D991FACCF1E00471217 /* ViewController.swift */ = {isa = PBXFileReference; lastKnownFileType = sourcecode.swift; path = ViewController.swift; sourceTree = "<group>"; };
		4AFC7D9C1FACCF1E00471217 /* Base */ = {isa = PBXFileReference; lastKnownFileType = file.storyboard; name = Base; path = Base.lproj/Main.storyboard; sourceTree = "<group>"; };
		4AFC7D9E1FACCF1E00471217 /* Assets.xcassets */ = {isa = PBXFileReference; lastKnownFileType = folder.assetcatalog; path = Assets.xcassets; sourceTree = "<group>"; };
		4AFC7DA11FACCF1E00471217 /* Base */ = {isa = PBXFileReference; lastKnownFileType = file.storyboard; name = Base; path = Base.lproj/LaunchScreen.storyboard; sourceTree = "<group>"; };
		4AFC7DA31FACCF1E00471217 /* Info.plist */ = {isa = PBXFileReference; lastKnownFileType = text.plist.xml; path = Info.plist; sourceTree = "<group>"; };
/* End PBXFileReference section */

/* Begin PBXFrameworksBuildPhase section */
		4AFC7D911FACCF1E00471217 /* Frameworks */ = {
			isa = PBXFrameworksBuildPhase;
			buildActionMask = 2147483647;
			files = (
			);
			runOnlyForDeploymentPostprocessing = 0;
		};
/* End PBXFrameworksBuildPhase section */

/* Begin PBXGroup section */
		4AFC7D8B1FACCF1E00471217 = {
			isa = PBXGroup;
			children = (
				4AFC7D961FACCF1E00471217 /* DoublePickerView */,
				4AFC7D951FACCF1E00471217 /* Products */,
			);
			sourceTree = "<group>";
		};
		4AFC7D951FACCF1E00471217 /* Products */ = {
			isa = PBXGroup;
			children = (
				4AFC7D941FACCF1E00471217 /* DoublePickerView.app */,
			);
			name = Products;
			sourceTree = "<group>";
		};
		4AFC7D961FACCF1E00471217 /* DoublePickerView */ = {
			isa = PBXGroup;
			children = (
				4AFC7D971FACCF1E00471217 /* AppDelegate.swift */,
				4AFC7D991FACCF1E00471217 /* ViewController.swift */,
				4AFC7D9B1FACCF1E00471217 /* Main.storyboard */,
				4AFC7D9E1FACCF1E00471217 /* Assets.xcassets */,
				4AFC7DA01FACCF1E00471217 /* LaunchScreen.storyboard */,
				4AFC7DA31FACCF1E00471217 /* Info.plist */,
			);
			path = DoublePickerView;
			sourceTree = "<group>";
		};
/* End PBXGroup section */

/* Begin PBXNativeTarget section */
		4AFC7D931FACCF1E00471217 /* DoublePickerView */ = {
			isa = PBXNativeTarget;
			buildConfigurationList = 4AFC7DA61FACCF1E00471217 /* Build configuration list for PBXNativeTarget "DoublePickerView" */;
			buildPhases = (
				4AFC7D901FACCF1E00471217 /* Sources */,
				4AFC7D911FACCF1E00471217 /* Frameworks */,
				4AFC7D921FACCF1E00471217 /* Resources */,
			);
			buildRules = (
			);
			dependencies = (
			);
			name = DoublePickerView;
			productName = DoublePickerView;
			productReference = 4AFC7D941FACCF1E00471217 /* DoublePickerView.app */;
			productType = "com.apple.product-type.application";
		};
/* End PBXNativeTarget section */

/* Begin PBXProject section */
		4AFC7D8C1FACCF1E00471217 /* Project object */ = {
			isa = PBXProject;
			attributes = {
				LastSwiftUpdateCheck = 0830;
				LastUpgradeCheck = 0830;
				ORGANIZATIONNAME = apporelbotna;
				TargetAttributes = {
					4AFC7D931FACCF1E00471217 = {
						CreatedOnToolsVersion = 8.3.3;
						DevelopmentTeam = JWDH6273T7;
						ProvisioningStyle = Automatic;
					};
				};
			};
			buildConfigurationList = 4AFC7D8F1FACCF1E00471217 /* Build configuration list for PBXProject "DoublePickerView" */;
			compatibilityVersion = "Xcode 3.2";
			developmentRegion = English;
			hasScannedForEncodings = 0;
			knownRegions = (
				en,
				Base,
			);
			mainGroup = 4AFC7D8B1FACCF1E00471217;
			productRefGroup = 4AFC7D951FACCF1E00471217 /* Products */;
			projectDirPath = "";
			projectRoot = "";
			targets = (
				4AFC7D931FACCF1E00471217 /* DoublePickerView */,
			);
		};
/* End PBXProject section */

/* Begin PBXResourcesBuildPhase section */
		4AFC7D921FACCF1E00471217 /* Resources */ = {
			isa = PBXResourcesBuildPhase;
			buildActionMask = 2147483647;
			files = (
				4AFC7DA21FACCF1E00471217 /* LaunchScreen.storyboard in Resources */,
				4AFC7D9F1FACCF1E00471217 /* Assets.xcassets in Resources */,
				4AFC7D9D1FACCF1E00471217 /* Main.storyboard in Resources */,
			);
			runOnlyForDeploymentPostprocessing = 0;
		};
/* End PBXResourcesBuildPhase section */

/* Begin PBXSourcesBuildPhase section */
		4AFC7D901FACCF1E00471217 /* Sources */ = {
			isa = PBXSourcesBuildPhase;
			buildActionMask = 2147483647;
			files = (
				4AFC7D9A1FACCF1E00471217 /* ViewController.swift in Sources */,
				4AFC7D981FACCF1E00471217 /* AppDelegate.swift in Sources */,
			);
			runOnlyForDeploymentPostprocessing = 0;
		};
/* End PBXSourcesBuildPhase section */

/* Begin PBXVariantGroup section */
		4AFC7D9B1FACCF1E00471217 /* Main.storyboard */ = {
			isa = PBXVariantGroup;
			children = (
				4AFC7D9C1FACCF1E00471217 /* Base */,
			);
			name = Main.storyboard;
			sourceTree = "<group>";
		};
		4AFC7DA01FACCF1E00471217 /* LaunchScreen.storyboard */ = {
			isa = PBXVariantGroup;
			children = (
				4AFC7DA11FACCF1E00471217 /* Base */,
			);
			name = LaunchScreen.storyboard;
			sourceTree = "<group>";
		};
/* End PBXVariantGroup section */

/* Begin XCBuildConfiguration section */
		4AFC7DA41FACCF1E00471217 /* Debug */ = {
			isa = XCBuildConfiguration;
			buildSettings = {
				ALWAYS_SEARCH_USER_PATHS = NO;
				CLANG_ANALYZER_NONNULL = YES;
				CLANG_ANALYZER_NUMBER_OBJECT_CONVERSION = YES_AGGRESSIVE;
				CLANG_CXX_LANGUAGE_STANDARD = "gnu++0x";
				CLANG_CXX_LIBRARY = "libc++";
				CLANG_ENABLE_MODULES = YES;
				CLANG_ENABLE_OBJC_ARC = YES;
				CLANG_WARN_BOOL_CONVERSION = YES;
				CLANG_WARN_CONSTANT_CONVERSION = YES;
				CLANG_WARN_DIRECT_OBJC_ISA_USAGE = YES_ERROR;
				CLANG_WARN_DOCUMENTATION_COMMENTS = YES;
				CLANG_WARN_EMPTY_BODY = YES;
				CLANG_WARN_ENUM_CONVERSION = YES;
				CLANG_WARN_INFINITE_RECURSION = YES;
				CLANG_WARN_INT_CONVERSION = YES;
				CLANG_WARN_OBJC_ROOT_CLASS = YES_ERROR;
				CLANG_WARN_SUSPICIOUS_MOVE = YES;
				CLANG_WARN_UNREACHABLE_CODE = YES;
				CLANG_WARN__DUPLICATE_METHOD_MATCH = YES;
				"CODE_SIGN_IDENTITY[sdk=iphoneos*]" = "iPhone Developer";
				COPY_PHASE_STRIP = NO;
				DEBUG_INFORMATION_FORMAT = dwarf;
				ENABLE_STRICT_OBJC_MSGSEND = YES;
				ENABLE_TESTABILITY = YES;
				GCC_C_LANGUAGE_STANDARD = gnu99;
				GCC_DYNAMIC_NO_PIC = NO;
				GCC_NO_COMMON_BLOCKS = YES;
				GCC_OPTIMIZATION_LEVEL = 0;
				GCC_PREPROCESSOR_DEFINITIONS = (
					"DEBUG=1",
					"$(inherited)",
				);
				GCC_WARN_64_TO_32_BIT_CONVERSION = YES;
				GCC_WARN_ABOUT_RETURN_TYPE = YES_ERROR;
				GCC_WARN_UNDECLARED_SELECTOR = YES;
				GCC_WARN_UNINITIALIZED_AUTOS = YES_AGGRESSIVE;
				GCC_WARN_UNUSED_FUNCTION = YES;
				GCC_WARN_UNUSED_VARIABLE = YES;
				IPHONEOS_DEPLOYMENT_TARGET = 10.3;
				MTL_ENABLE_DEBUG_INFO = YES;
				ONLY_ACTIVE_ARCH = YES;
				SDKROOT = iphoneos;
				SWIFT_ACTIVE_COMPILATION_CONDITIONS = DEBUG;
				SWIFT_OPTIMIZATION_LEVEL = "-Onone";
				TARGETED_DEVICE_FAMILY = "1,2";
			};
			name = Debug;
		};
		4AFC7DA51FACCF1E00471217 /* Release */ = {
			isa = XCBuildConfiguration;
			buildSettings = {
				ALWAYS_SEARCH_USER_PATHS = NO;
				CLANG_ANALYZER_NONNULL = YES;
				CLANG_ANALYZER_NUMBER_OBJECT_CONVERSION = YES_AGGRESSIVE;
				CLANG_CXX_LANGUAGE_STANDARD = "gnu++0x";
				CLANG_CXX_LIBRARY = "libc++";
				CLANG_ENABLE_MODULES = YES;
				CLANG_ENABLE_OBJC_ARC = YES;
				CLANG_WARN_BOOL_CONVERSION = YES;
				CLANG_WARN_CONSTANT_CONVERSION = YES;
				CLANG_WARN_DIRECT_OBJC_ISA_USAGE = YES_ERROR;
				CLANG_WARN_DOCUMENTATION_COMMENTS = YES;
				CLANG_WARN_EMPTY_BODY = YES;
				CLANG_WARN_ENUM_CONVERSION = YES;
				CLANG_WARN_INFINITE_RECURSION = YES;
				CLANG_WARN_INT_CONVERSION = YES;
				CLANG_WARN_OBJC_ROOT_CLASS = YES_ERROR;
				CLANG_WARN_SUSPICIOUS_MOVE = YES;
				CLANG_WARN_UNREACHABLE_CODE = YES;
				CLANG_WARN__DUPLICATE_METHOD_MATCH = YES;
				"CODE_SIGN_IDENTITY[sdk=iphoneos*]" = "iPhone Developer";
				COPY_PHASE_STRIP = NO;
				DEBUG_INFORMATION_FORMAT = "dwarf-with-dsym";
				ENABLE_NS_ASSERTIONS = NO;
				ENABLE_STRICT_OBJC_MSGSEND = YES;
				GCC_C_LANGUAGE_STANDARD = gnu99;
				GCC_NO_COMMON_BLOCKS = YES;
				GCC_WARN_64_TO_32_BIT_CONVERSION = YES;
				GCC_WARN_ABOUT_RETURN_TYPE = YES_ERROR;
				GCC_WARN_UNDECLARED_SELECTOR = YES;
				GCC_WARN_UNINITIALIZED_AUTOS = YES_AGGRESSIVE;
				GCC_WARN_UNUSED_FUNCTION = YES;
				GCC_WARN_UNUSED_VARIABLE = YES;
				IPHONEOS_DEPLOYMENT_TARGET = 10.3;
				MTL_ENABLE_DEBUG_INFO = NO;
				SDKROOT = iphoneos;
				SWIFT_OPTIMIZATION_LEVEL = "-Owholemodule";
				TARGETED_DEVICE_FAMILY = "1,2";
				VALIDATE_PRODUCT = YES;
			};
			name = Release;
		};
		4AFC7DA71FACCF1E00471217 /* Debug */ = {
			isa = XCBuildConfiguration;
			buildSettings = {
				ASSETCATALOG_COMPILER_APPICON_NAME = AppIcon;
				DEVELOPMENT_TEAM = JWDH6273T7;
				INFOPLIST_FILE = DoublePickerView/Info.plist;
				LD_RUNPATH_SEARCH_PATHS = "$(inherited) @executable_path/Frameworks";
				PRODUCT_BUNDLE_IDENTIFIER = com.DoublePickerView;
				PRODUCT_NAME = "$(TARGET_NAME)";
				SWIFT_VERSION = 3.0;
			};
			name = Debug;
		};
		4AFC7DA81FACCF1E00471217 /* Release */ = {
			isa = XCBuildConfiguration;
			buildSettings = {
				ASSETCATALOG_COMPILER_APPICON_NAME = AppIcon;
				DEVELOPMENT_TEAM = JWDH6273T7;
				INFOPLIST_FILE = DoublePickerView/Info.plist;
				LD_RUNPATH_SEARCH_PATHS = "$(inherited) @executable_path/Frameworks";
				PRODUCT_BUNDLE_IDENTIFIER = com.DoublePickerView;
				PRODUCT_NAME = "$(TARGET_NAME)";
				SWIFT_VERSION = 3.0;
			};
			name = Release;
		};
/* End XCBuildConfiguration section */

/* Begin XCConfigurationList section */
		4AFC7D8F1FACCF1E00471217 /* Build configuration list for PBXProject "DoublePickerView" */ = {
			isa = XCConfigurationList;
			buildConfigurations = (
				4AFC7DA41FACCF1E00471217 /* Debug */,
				4AFC7DA51FACCF1E00471217 /* Release */,
			);
			defaultConfigurationIsVisible = 0;
			defaultConfigurationName = Release;
		};
		4AFC7DA61FACCF1E00471217 /* Build configuration list for PBXNativeTarget "DoublePickerView" */ = {
			isa = XCConfigurationList;
			buildConfigurations = (
				4AFC7DA71FACCF1E00471217 /* Debug */,
				4AFC7DA81FACCF1E00471217 /* Release */,
			);
			defaultConfigurationIsVisible = 0;
		};
/* End XCConfigurationList section */
	};
	rootObject = 4AFC7D8C1FACCF1E00471217 /* Project object */;
}
